PODS:
  - audio_session (0.0.1):
    - Flutter
  - connectivity_plus (0.0.1):
    - Flutter
    - Reachability
  - ext_storage (0.0.1):
    - Flutter
  - Flutter (1.0.0)
  - flutter_filereader (0.0.1):
    - Flutter
  - FMDB (2.7.5):
    - FMDB/standard (= 2.7.5)
  - FMDB/standard (2.7.5)
  - geocoder (0.0.1):
    - Flutter
  - geocoding (1.0.5):
    - Flutter
  - geolocator (6.2.0):
    - Flutter
  - just_audio (0.0.1):
    - Flutter
  - libwebp (1.2.0):
    - libwebp/demux (= 1.2.0)
    - libwebp/mux (= 1.2.0)
    - libwebp/webp (= 1.2.0)
  - libwebp/demux (1.2.0):
    - libwebp/webp
  - libwebp/mux (1.2.0):
    - libwebp/demux
  - libwebp/webp (1.2.0)
  - location (0.0.1):
    - Flutter
  - "location_permissions (3.0.0+1)":
    - Flutter
  - path_provider (0.0.1):
    - Flutter
  - "permission_handler (5.1.0+2)":
    - Flutter
  - Reachability (3.2)
  - shared_preferences (0.0.1):
    - Flutter
  - sqflite (0.0.2):
    - Flutter
    - FMDB (>= 2.7.5)
  - system_shortcuts (0.0.1):
    - Flutter
  - url_launcher (0.0.1):
    - Flutter
  - video_player (0.0.1):
    - Flutter
  - video_thumbnail (0.0.1):
    - Flutter
    - libwebp
  - wakelock (0.0.1):
    - Flutter
  - webview_flutter (0.0.1):
    - Flutter

DEPENDENCIES:
  - audio_session (from `.symlinks/plugins/audio_session/ios`)
  - connectivity_plus (from `.symlinks/plugins/connectivity_plus/ios`)
  - ext_storage (from `.symlinks/plugins/ext_storage/ios`)
  - Flutter (from `Flutter`)
  - flutter_filereader (from `.symlinks/plugins/flutter_filereader/ios`)
  - geocoder (from `.symlinks/plugins/geocoder/ios`)
  - geocoding (from `.symlinks/plugins/geocoding/ios`)
  - geolocator (from `.symlinks/plugins/geolocator/ios`)
  - just_audio (from `.symlinks/plugins/just_audio/ios`)
  - location (from `.symlinks/plugins/location/ios`)
  - location_permissions (from `.symlinks/plugins/location_permissions/ios`)
  - path_provider (from `.symlinks/plugins/path_provider/ios`)
  - permission_handler (from `.symlinks/plugins/permission_handler/ios`)
  - shared_preferences (from `.symlinks/plugins/shared_preferences/ios`)
  - sqflite (from `.symlinks/plugins/sqflite/ios`)
  - system_shortcuts (from `.symlinks/plugins/system_shortcuts/ios`)
  - url_launcher (from `.symlinks/plugins/url_launcher/ios`)
  - video_player (from `.symlinks/plugins/video_player/ios`)
  - video_thumbnail (from `.symlinks/plugins/video_thumbnail/ios`)
  - wakelock (from `.symlinks/plugins/wakelock/ios`)
  - webview_flutter (from `.symlinks/plugins/webview_flutter/ios`)

SPEC REPOS:
  trunk:
    - FMDB
    - libwebp
    - Reachability

EXTERNAL SOURCES:
  audio_session:
    :path: ".symlinks/plugins/audio_session/ios"
  connectivity_plus:
    :path: ".symlinks/plugins/connectivity_plus/ios"
  ext_storage:
    :path: ".symlinks/plugins/ext_storage/ios"
  Flutter:
    :path: Flutter
  flutter_filereader:
    :path: ".symlinks/plugins/flutter_filereader/ios"
  geocoder:
    :path: ".symlinks/plugins/geocoder/ios"
  geocoding:
    :path: ".symlinks/plugins/geocoding/ios"
  geolocator:
    :path: ".symlinks/plugins/geolocator/ios"
  just_audio:
    :path: ".symlinks/plugins/just_audio/ios"
  location:
    :path: ".symlinks/plugins/location/ios"
  location_permissions:
    :path: ".symlinks/plugins/location_permissions/ios"
  path_provider:
    :path: ".symlinks/plugins/path_provider/ios"
  permission_handler:
    :path: ".symlinks/plugins/permission_handler/ios"
  shared_preferences:
    :path: ".symlinks/plugins/shared_preferences/ios"
  sqflite:
    :path: ".symlinks/plugins/sqflite/ios"
  system_shortcuts:
    :path: ".symlinks/plugins/system_shortcuts/ios"
  url_launcher:
    :path: ".symlinks/plugins/url_launcher/ios"
  video_player:
    :path: ".symlinks/plugins/video_player/ios"
  video_thumbnail:
    :path: ".symlinks/plugins/video_thumbnail/ios"
  wakelock:
    :path: ".symlinks/plugins/wakelock/ios"
  webview_flutter:
    :path: ".symlinks/plugins/webview_flutter/ios"

SPEC CHECKSUMS:
  audio_session: c6d2ee773340776a1af7a6220fba59eef35f99ef
  connectivity_plus: 5f0eb61093bec56935f21a1699dd2758bc895587
  ext_storage: 2ecd81e79e88a61cb449ad6b187fe8c713d86aa1
  Flutter: 434fef37c0980e73bb6479ef766c45957d4b510c
  flutter_filereader: 81301904585db712048acc997cd41a5a7b833500
  FMDB: 2ce00b547f966261cd18927a3ddb07cb6f3db82a
  geocoder: 3cfab70531a0b367e917bafe82df4c30f6d4c45a
  geocoding: 72e4928b0ec58a108a0b5e1668ac15793a50aa1c
  geolocator: f5e3de65e241caba7ce3e8a618803387bda73384
  just_audio: 0f209479814b75793b5855bb96be1c5b335de554
  libwebp: e90b9c01d99205d03b6bb8f2c8c415e5a4ef66f0
  location: 3a2eed4dd2fab25e7b7baf2a9efefe82b512d740
  location_permissions: 7e0f9aa0f60deb8ff93ddf0e2a164c7e8197bc94
  path_provider: 5649827555480620ceb7348a3611f72e09b79faf
  permission_handler: c3cce3f7f77ee7906d10b0b8ad0532e50b8a2bf6
  Reachability: 33e18b67625424e47b6cde6d202dce689ad7af96
  shared_preferences: 691d31afece1512d5100f38cb429e9952267c340
  sqflite: 53d1d5c1282c659a4c5339c701a5c4211e4fc536
  system_shortcuts: 5bf7e5c23db9b2ad808c9f2f2e7e243f2ab0bb85
  url_launcher: 4b7bf8e84db24ba2ceaf0661071eb58300794472
  video_player: fb54f14461ce049d803fac9e25eee851d6a61300
  video_thumbnail: eec87b4cdb12dc5c4f0e6eb9d91149bf4b7e636f
  wakelock: a50bbbe4eddfdc3d40f7ab31ea14ae47da02f58c
  webview_flutter: 0978d673be5cdb526fb49fd799ab5e7b1e7fe829

PODFILE CHECKSUM: dbcef39d094c3744e4992b04aa59790ced7df2d3

COCOAPODS: 1.10.1
